
Microsoft Visual Studio Solution File, Format Version 12.00
# Visual Studio Version 17
VisualStudioVersion = 17.11.35327.3
MinimumVisualStudioVersion = 10.0.40219.1
Project("{888888A0-9F3D-457C-B088-3A5042F75D52}") = "fantasticwhale_Assignment09", "fantasticwhale_Assignment09\fantasticwhale_Assignment09.pyproj", "{717F8AEB-D3B3-449E-AAEC-36D4183F1C53}"
EndProject
Global
	GlobalSection(SolutionConfigurationPlatforms) = preSolution
		Debug|Any CPU = Debug|Any CPU
		Release|Any CPU = Release|Any CPU
	EndGlobalSection
	GlobalSection(ProjectConfigurationPlatforms) = postSolution
		{717F8AEB-D3B3-449E-AAEC-36D4183F1C53}.Debug|Any CPU.ActiveCfg = Debug|Any CPU
		{717F8AEB-D3B3-449E-AAEC-36D4183F1C53}.Release|Any CPU.ActiveCfg = Release|Any CPU
	EndGlobalSection
	GlobalSection(SolutionProperties) = preSolution
		HideSolutionNode = FALSE
	EndGlobalSection
	GlobalSection(ExtensibilityGlobals) = postSolution
		SolutionGuid = {B8FCFC85-1366-4860-96E9-2CD2EDE34070}
	EndGlobalSection
EndGlobal
